
Microsoft Visual Studio Solution File, Format Version 12.00
# Visual Studio Version 16
VisualStudioVersion = 16.0.31702.278
MinimumVisualStudioVersion = 10.0.40219.1
Project("{FAE04EC0-301F-11D3-BF4B-00C04F79EFBC}") = "VizeFinalProjeOrtForm", "VizeFinalProjeOrtForm.csproj", "{4AD8E3D8-109E-402C-AF40-476BD8DFD7C8}"
EndProject
Global
	GlobalSection(SolutionConfigurationPlatforms) = preSolution
		Debug|Any CPU = Debug|Any CPU
		Release|Any CPU = Release|Any CPU
	EndGlobalSection
	GlobalSection(ProjectConfigurationPlatforms) = postSolution
		{4AD8E3D8-109E-402C-AF40-476BD8DFD7C8}.Debug|Any CPU.ActiveCfg = Debug|Any CPU
		{4AD8E3D8-109E-402C-AF40-476BD8DFD7C8}.Debug|Any CPU.Build.0 = Debug|Any CPU
		{4AD8E3D8-109E-402C-AF40-476BD8DFD7C8}.Release|Any CPU.ActiveCfg = Release|Any CPU
		{4AD8E3D8-109E-402C-AF40-476BD8DFD7C8}.Release|Any CPU.Build.0 = Release|Any CPU
	EndGlobalSection
	GlobalSection(SolutionProperties) = preSolution
		HideSolutionNode = FALSE
	EndGlobalSection
	GlobalSection(ExtensibilityGlobals) = postSolution
		SolutionGuid = {9D4E7531-7D1C-4122-8454-2E485FF69FB6}
	EndGlobalSection
EndGlobal
